
Microsoft Visual Studio Solution File, Format Version 12.00
# Visual Studio Version 17
VisualStudioVersion = 17.0.31903.59
MinimumVisualStudioVersion = 10.0.40219.1
Project("{2150E333-8FDC-42A3-9474-1A3956D46DE8}") = "src", "src", "{E718D013-4331-4DC4-94C7-0EBBAB1F2EFD}"
	ProjectSection(SolutionItems) = preProject
		src\Directory.Build.props = src\Directory.Build.props
	EndProjectSection
EndProject
Project("{FAE04EC0-301F-11D3-BF4B-00C04F79EFBC}") = "SqliteDatabase", "src\SqliteDatabase\SqliteDatabase.csproj", "{90CB3D3F-D578-44CF-B134-35DD864D79C7}"
EndProject
Global
	GlobalSection(SolutionConfigurationPlatforms) = preSolution
		Debug|Any CPU = Debug|Any CPU
		Release|Any CPU = Release|Any CPU
	EndGlobalSection
	GlobalSection(SolutionProperties) = preSolution
		HideSolutionNode = FALSE
	EndGlobalSection
	GlobalSection(ProjectConfigurationPlatforms) = postSolution
		{90CB3D3F-D578-44CF-B134-35DD864D79C7}.Debug|Any CPU.ActiveCfg = Debug|Any CPU
		{90CB3D3F-D578-44CF-B134-35DD864D79C7}.Debug|Any CPU.Build.0 = Debug|Any CPU
		{90CB3D3F-D578-44CF-B134-35DD864D79C7}.Release|Any CPU.ActiveCfg = Release|Any CPU
		{90CB3D3F-D578-44CF-B134-35DD864D79C7}.Release|Any CPU.Build.0 = Release|Any CPU
	EndGlobalSection
	GlobalSection(NestedProjects) = preSolution
		{90CB3D3F-D578-44CF-B134-35DD864D79C7} = {E718D013-4331-4DC4-94C7-0EBBAB1F2EFD}
	EndGlobalSection
EndGlobal
